
Microsoft Visual Studio Solution File, Format Version 12.00
# Visual Studio 2017
Project("{FAE04EC0-301F-11D3-BF4B-00C04F79EFBC}") = "2D Roguelike Haomin He", "2D Roguelike Haomin He.csproj", "{C82C17FC-2FB4-F130-3B3B-96C28829C8CE}"
EndProject
Global
	GlobalSection(SolutionConfigurationPlatforms) = preSolution
		Debug|Any CPU = Debug|Any CPU
		Release|Any CPU = Release|Any CPU
	EndGlobalSection
	GlobalSection(ProjectConfigurationPlatforms) = postSolution
		{C82C17FC-2FB4-F130-3B3B-96C28829C8CE}.Debug|Any CPU.ActiveCfg = Debug|Any CPU
		{C82C17FC-2FB4-F130-3B3B-96C28829C8CE}.Debug|Any CPU.Build.0 = Debug|Any CPU
		{C82C17FC-2FB4-F130-3B3B-96C28829C8CE}.Release|Any CPU.ActiveCfg = Release|Any CPU
		{C82C17FC-2FB4-F130-3B3B-96C28829C8CE}.Release|Any CPU.Build.0 = Release|Any CPU
	EndGlobalSection
	GlobalSection(SolutionProperties) = preSolution
		HideSolutionNode = FALSE
	EndGlobalSection
EndGlobal
