
Microsoft Visual Studio Solution File, Format Version 12.00
# Visual Studio 2017
Project("{FAE04EC0-301F-11D3-BF4B-00C04F79EFBC}") = "I am Starving!!.Plugins", "I am Starving!!.Plugins.csproj", "{D95F3C1C-F5A5-B559-ED6E-2FEADC14D5CA}"
EndProject
Project("{FAE04EC0-301F-11D3-BF4B-00C04F79EFBC}") = "I am Starving!!", "I am Starving!!.csproj", "{AC2AD981-BF11-7DEA-E90D-EB2A826681B7}"
EndProject
Project("{FAE04EC0-301F-11D3-BF4B-00C04F79EFBC}") = "I am Starving!!.Editor", "I am Starving!!.Editor.csproj", "{6605ECF9-BCED-4F3F-E397-73B49EC56D95}"
EndProject
Global
	GlobalSection(SolutionConfigurationPlatforms) = preSolution
		Debug|Any CPU = Debug|Any CPU
		Release|Any CPU = Release|Any CPU
	EndGlobalSection
	GlobalSection(ProjectConfigurationPlatforms) = postSolution
		{D95F3C1C-F5A5-B559-ED6E-2FEADC14D5CA}.Debug|Any CPU.ActiveCfg = Debug|Any CPU
		{D95F3C1C-F5A5-B559-ED6E-2FEADC14D5CA}.Debug|Any CPU.Build.0 = Debug|Any CPU
		{D95F3C1C-F5A5-B559-ED6E-2FEADC14D5CA}.Release|Any CPU.ActiveCfg = Release|Any CPU
		{D95F3C1C-F5A5-B559-ED6E-2FEADC14D5CA}.Release|Any CPU.Build.0 = Release|Any CPU
		{AC2AD981-BF11-7DEA-E90D-EB2A826681B7}.Debug|Any CPU.ActiveCfg = Debug|Any CPU
		{AC2AD981-BF11-7DEA-E90D-EB2A826681B7}.Debug|Any CPU.Build.0 = Debug|Any CPU
		{AC2AD981-BF11-7DEA-E90D-EB2A826681B7}.Release|Any CPU.ActiveCfg = Release|Any CPU
		{AC2AD981-BF11-7DEA-E90D-EB2A826681B7}.Release|Any CPU.Build.0 = Release|Any CPU
		{6605ECF9-BCED-4F3F-E397-73B49EC56D95}.Debug|Any CPU.ActiveCfg = Debug|Any CPU
		{6605ECF9-BCED-4F3F-E397-73B49EC56D95}.Debug|Any CPU.Build.0 = Debug|Any CPU
		{6605ECF9-BCED-4F3F-E397-73B49EC56D95}.Release|Any CPU.ActiveCfg = Release|Any CPU
		{6605ECF9-BCED-4F3F-E397-73B49EC56D95}.Release|Any CPU.Build.0 = Release|Any CPU
	EndGlobalSection
	GlobalSection(SolutionProperties) = preSolution
		HideSolutionNode = FALSE
	EndGlobalSection
EndGlobal
